lockfileVersion: 5.4

specifiers:
  '@types/node': 18.15.11
  '@types/react': 18.0.31
  '@types/react-dom': 18.0.11
  dotenv: ^16.0.3
  install: ^0.13.0
  next: 13.2.4
  openai: ^3.2.1
  react: 18.2.0
  react-dom: 18.2.0
  typescript: 5.0.3

dependencies:
  '@types/node': 18.15.11
  '@types/react': 18.0.31
  '@types/react-dom': 18.0.11
  dotenv: 16.0.3
  install: 0.13.0
  next: 13.2.4_biqbaboplfbrettd7655fr4n2y
  openai: 3.2.1
  react: 18.2.0
  react-dom: 18.2.0_react@18.2.0
  typescript: 5.0.3

packages:

  /@next/env/13.2.4:
    resolution: {integrity: sha512-+Mq3TtpkeeKFZanPturjcXt+KHfKYnLlX6jMLyCrmpq6OOs4i1GqBOAauSkii9QeKCMTYzGppar21JU57b/GEA==}
    dev: false

  /@next/swc-android-arm-eabi/13.2.4:
    resolution: {integrity: sha512-DWlalTSkLjDU11MY11jg17O1gGQzpRccM9Oes2yTqj2DpHndajrXHGxj9HGtJ+idq2k7ImUdJVWS2h2l/EDJOw==}
    engines: {node: '>= 10'}
    cpu: [arm]
    os: [android]
    requiresBuild: true
    dev: false
    optional: true

  /@next/swc-android-arm64/13.2.4:
    resolution: {integrity: sha512-sRavmUImUCf332Gy+PjIfLkMhiRX1Ez4SI+3vFDRs1N5eXp+uNzjFUK/oLMMOzk6KFSkbiK/3Wt8+dHQR/flNg==}
    engines: {node: '>= 10'}
    cpu: [arm64]
    os: [android]
    requiresBuild: true
    dev: false
    optional: true

  /@next/swc-darwin-arm64/13.2.4:
    resolution: {integrity: sha512-S6vBl+OrInP47TM3LlYx65betocKUUlTZDDKzTiRDbsRESeyIkBtZ6Qi5uT2zQs4imqllJznVjFd1bXLx3Aa6A==}
    engines: {node: '>= 10'}
    cpu: [arm64]
    os: [darwin]
    requiresBuild: true
    dev: false
    optional: true

  /@next/swc-darwin-x64/13.2.4:
    resolution: {integrity: sha512-a6LBuoYGcFOPGd4o8TPo7wmv5FnMr+Prz+vYHopEDuhDoMSHOnC+v+Ab4D7F0NMZkvQjEJQdJS3rqgFhlZmKlw==}
    engines: {node: '>= 10'}
    cpu: [x64]
    os: [darwin]
    requiresBuild: true
    dev: false
    optional: true

  /@next/swc-freebsd-x64/13.2.4:
    resolution: {integrity: sha512-kkbzKVZGPaXRBPisoAQkh3xh22r+TD+5HwoC5bOkALraJ0dsOQgSMAvzMXKsN3tMzJUPS0tjtRf1cTzrQ0I5vQ==}
    engines: {node: '>= 10'}
    cpu: [x64]
    os: [freebsd]
    requiresBuild: true
    dev: false
    optional: true

  /@next/swc-linux-arm-gnueabihf/13.2.4:
    resolution: {integrity: sha512-7qA1++UY0fjprqtjBZaOA6cas/7GekpjVsZn/0uHvquuITFCdKGFCsKNBx3S0Rpxmx6WYo0GcmhNRM9ru08BGg==}
    engines: {node: '>= 10'}
    cpu: [arm]
    os: [linux]
    requiresBuild: true
    dev: false
    optional: true

  /@next/swc-linux-arm64-gnu/13.2.4:
    resolution: {integrity: sha512-xzYZdAeq883MwXgcwc72hqo/F/dwUxCukpDOkx/j1HTq/J0wJthMGjinN9wH5bPR98Mfeh1MZJ91WWPnZOedOg==}
    engines: {node: '>= 10'}
    cpu: [arm64]
    os: [linux]
    requiresBuild: true
    dev: false
    optional: true

  /@next/swc-linux-arm64-musl/13.2.4:
    resolution: {integrity: sha512-8rXr3WfmqSiYkb71qzuDP6I6R2T2tpkmf83elDN8z783N9nvTJf2E7eLx86wu2OJCi4T05nuxCsh4IOU3LQ5xw==}
    engines: {node: '>= 10'}
    cpu: [arm64]
    os: [linux]
    requiresBuild: true
    dev: false
    optional: true

  /@next/swc-linux-x64-gnu/13.2.4:
    resolution: {integrity: sha512-Ngxh51zGSlYJ4EfpKG4LI6WfquulNdtmHg1yuOYlaAr33KyPJp4HeN/tivBnAHcZkoNy0hh/SbwDyCnz5PFJQQ==}
    engines: {node: '>= 10'}
    cpu: [x64]
    os: [linux]
    requiresBuild: true
    dev: false
    optional: true

  /@next/swc-linux-x64-musl/13.2.4:
    resolution: {integrity: sha512-gOvwIYoSxd+j14LOcvJr+ekd9fwYT1RyMAHOp7znA10+l40wkFiMONPLWiZuHxfRk+Dy7YdNdDh3ImumvL6VwA==}
    engines: {node: '>= 10'}
    cpu: [x64]
    os: [linux]
    requiresBuild: true
    dev: false
    optional: true

  /@next/swc-win32-arm64-msvc/13.2.4:
    resolution: {integrity: sha512-q3NJzcfClgBm4HvdcnoEncmztxrA5GXqKeiZ/hADvC56pwNALt3ngDC6t6qr1YW9V/EPDxCYeaX4zYxHciW4Dw==}
    engines: {node: '>= 10'}
    cpu: [arm64]
    os: [win32]
    requiresBuild: true
    dev: false
    optional: true

  /@next/swc-win32-ia32-msvc/13.2.4:
    resolution: {integrity: sha512-/eZ5ncmHUYtD2fc6EUmAIZlAJnVT2YmxDsKs1Ourx0ttTtvtma/WKlMV5NoUsyOez0f9ExLyOpeCoz5aj+MPXw==}
    engines: {node: '>= 10'}
    cpu: [ia32]
    os: [win32]
    requiresBuild: true
    dev: false
    optional: true

  /@next/swc-win32-x64-msvc/13.2.4:
    resolution: {integrity: sha512-0MffFmyv7tBLlji01qc0IaPP/LVExzvj7/R5x1Jph1bTAIj4Vu81yFQWHHQAP6r4ff9Ukj1mBK6MDNVXm7Tcvw==}
    engines: {node: '>= 10'}
    cpu: [x64]
    os: [win32]
    requiresBuild: true
    dev: false
    optional: true

  /@swc/helpers/0.4.14:
    resolution: {integrity: sha512-4C7nX/dvpzB7za4Ql9K81xK3HPxCpHMgwTZVyf+9JQ6VUbn9jjZVN7/Nkdz/Ugzs2CSjqnL/UPXroiVBVHUWUw==}
    dependencies:
      tslib: 2.5.0
    dev: false

  /@types/node/18.15.11:
    resolution: {integrity: sha512-E5Kwq2n4SbMzQOn6wnmBjuK9ouqlURrcZDVfbo9ftDDTFt3nk7ZKK4GMOzoYgnpQJKcxwQw+lGaBvvlMo0qN/Q==}
    dev: false

  /@types/prop-types/15.7.5:
    resolution: {integrity: sha512-JCB8C6SnDoQf0cNycqd/35A7MjcnK+ZTqE7judS6o7utxUCg6imJg3QK2qzHKszlTjcj2cn+NwMB2i96ubpj7w==}
    dev: false

  /@types/react-dom/18.0.11:
    resolution: {integrity: sha512-O38bPbI2CWtgw/OoQoY+BRelw7uysmXbWvw3nLWO21H1HSh+GOlqPuXshJfjmpNlKiiSDG9cc1JZAaMmVdcTlw==}
    dependencies:
      '@types/react': 18.0.31
    dev: false

  /@types/react/18.0.31:
    resolution: {integrity: sha512-EEG67of7DsvRDU6BLLI0p+k1GojDLz9+lZsnCpCRTa/lOokvyPBvp8S5x+A24hME3yyQuIipcP70KJ6H7Qupww==}
    dependencies:
      '@types/prop-types': 15.7.5
      '@types/scheduler': 0.16.3
      csstype: 3.1.1
    dev: false

  /@types/scheduler/0.16.3:
    resolution: {integrity: sha512-5cJ8CB4yAx7BH1oMvdU0Jh9lrEXyPkar6F9G/ERswkCuvP4KQZfZkSjcMbAICCpQTN4OuZn8tz0HiKv9TGZgrQ==}
    dev: false

  /asynckit/0.4.0:
    resolution: {integrity: sha512-Oei9OH4tRh0YqU3GxhX79dM/mwVgvbZJaSNaRk+bshkj0S5cfHcgYakreBjrHwatXKbz+IoIdYLxrKim2MjW0Q==}
    dev: false

  /axios/0.26.1:
    resolution: {integrity: sha512-fPwcX4EvnSHuInCMItEhAGnaSEXRBjtzh9fOtsE6E1G6p7vl7edEeZe11QHf18+6+9gR5PbKV/sGKNaD8YaMeA==}
    dependencies:
      follow-redirects: 1.15.2
    transitivePeerDependencies:
      - debug
    dev: false

  /caniuse-lite/1.0.30001473:
    resolution: {integrity: sha512-ewDad7+D2vlyy+E4UJuVfiBsU69IL+8oVmTuZnH5Q6CIUbxNfI50uVpRHbUPDD6SUaN2o0Lh4DhTrvLG/Tn1yg==}
    dev: false

  /client-only/0.0.1:
    resolution: {integrity: sha512-IV3Ou0jSMzZrd3pZ48nLkT9DA7Ag1pnPzaiQhpW7c3RbcqqzvzzVu+L8gfqMp/8IM2MQtSiqaCxrrcfu8I8rMA==}
    dev: false

  /combined-stream/1.0.8:
    resolution: {integrity: sha512-FQN4MRfuJeHf7cBbBMJFXhKSDq+2kAArBlmRBvcvFE5BB1HZKXtSFASDhdlz9zOYwxh8lDdnvmMOe/+5cdoEdg==}
    engines: {node: '>= 0.8'}
    dependencies:
      delayed-stream: 1.0.0
    dev: false

  /csstype/3.1.1:
    resolution: {integrity: sha512-DJR/VvkAvSZW9bTouZue2sSxDwdTN92uHjqeKVm+0dAqdfNykRzQ95tay8aXMBAAPpUiq4Qcug2L7neoRh2Egw==}
    dev: false

  /delayed-stream/1.0.0:
    resolution: {integrity: sha512-ZySD7Nf91aLB0RxL4KGrKHBXl7Eds1DAmEdcoVawXnLD7SDhpNgtuII2aAkg7a7QS41jxPSZ17p4VdGnMHk3MQ==}
    engines: {node: '>=0.4.0'}
    dev: false

  /dotenv/16.0.3:
    resolution: {integrity: sha512-7GO6HghkA5fYG9TYnNxi14/7K9f5occMlp3zXAuSxn7CKCxt9xbNWG7yF8hTCSUchlfWSe3uLmlPfigevRItzQ==}
    engines: {node: '>=12'}
    dev: false

  /follow-redirects/1.15.2:
    resolution: {integrity: sha512-VQLG33o04KaQ8uYi2tVNbdrWp1QWxNNea+nmIB4EVM28v0hmP17z7aG1+wAkNzVq4KeXTq3221ye5qTJP91JwA==}
    engines: {node: '>=4.0'}
    peerDependencies:
      debug: '*'
    peerDependenciesMeta:
      debug:
        optional: true
    dev: false

  /form-data/4.0.0:
    resolution: {integrity: sha512-ETEklSGi5t0QMZuiXoA/Q6vcnxcLQP5vdugSpuAyi6SVGi2clPPp+xgEhuMaHC+zGgn31Kd235W35f7Hykkaww==}
    engines: {node: '>= 6'}
    dependencies:
      asynckit: 0.4.0
      combined-stream: 1.0.8
      mime-types: 2.1.35
    dev: false

  /install/0.13.0:
    resolution: {integrity: sha512-zDml/jzr2PKU9I8J/xyZBQn8rPCAY//UOYNmR01XwNwyfhEWObo2SWfSl1+0tm1u6PhxLwDnfsT/6jB7OUxqFA==}
    engines: {node: '>= 0.10'}
    dev: false

  /js-tokens/4.0.0:
    resolution: {integrity: sha512-RdJUflcE3cUzKiMqQgsCu06FPu9UdIJO0beYbPhHN4k6apgJtifcoCtT9bcxOpYBtpD2kCM6Sbzg4CausW/PKQ==}
    dev: false

  /loose-envify/1.4.0:
    resolution: {integrity: sha512-lyuxPGr/Wfhrlem2CL/UcnUc1zcqKAImBDzukY7Y5F/yQiNdko6+fRLevlw1HgMySw7f611UIY408EtxRSoK3Q==}
    hasBin: true
    dependencies:
      js-tokens: 4.0.0
    dev: false

  /mime-db/1.52.0:
    resolution: {integrity: sha512-sPU4uV7dYlvtWJxwwxHD0PuihVNiE7TyAbQ5SWxDCB9mUYvOgroQOwYQQOKPJ8CIbE+1ETVlOoK1UC2nU3gYvg==}
    engines: {node: '>= 0.6'}
    dev: false

  /mime-types/2.1.35:
    resolution: {integrity: sha512-ZDY+bPm5zTTF+YpCrAU9nK0UgICYPT0QtT1NZWFv4s++TNkcgVaT0g6+4R2uI4MjQjzysHB1zxuWL50hzaeXiw==}
    engines: {node: '>= 0.6'}
    dependencies:
      mime-db: 1.52.0
    dev: false

  /nanoid/3.3.6:
    resolution: {integrity: sha512-BGcqMMJuToF7i1rt+2PWSNVnWIkGCU78jBG3RxO/bZlnZPK2Cmi2QaffxGO/2RvWi9sL+FAiRiXMgsyxQ1DIDA==}
    engines: {node: ^10 || ^12 || ^13.7 || ^14 || >=15.0.1}
    hasBin: true
    dev: false

  /next/13.2.4_biqbaboplfbrettd7655fr4n2y:
    resolution: {integrity: sha512-g1I30317cThkEpvzfXujf0O4wtaQHtDCLhlivwlTJ885Ld+eOgcz7r3TGQzeU+cSRoNHtD8tsJgzxVdYojFssw==}
    engines: {node: '>=14.6.0'}
    hasBin: true
    peerDependencies:
      '@opentelemetry/api': ^1.4.0
      fibers: '>= 3.1.0'
      node-sass: ^6.0.0 || ^7.0.0
      react: ^18.2.0
      react-dom: ^18.2.0
      sass: ^1.3.0
    peerDependenciesMeta:
      '@opentelemetry/api':
        optional: true
      fibers:
        optional: true
      node-sass:
        optional: true
      sass:
        optional: true
    dependencies:
      '@next/env': 13.2.4
      '@swc/helpers': 0.4.14
      caniuse-lite: 1.0.30001473
      postcss: 8.4.14
      react: 18.2.0
      react-dom: 18.2.0_react@18.2.0
      styled-jsx: 5.1.1_react@18.2.0
    optionalDependencies:
      '@next/swc-android-arm-eabi': 13.2.4
      '@next/swc-android-arm64': 13.2.4
      '@next/swc-darwin-arm64': 13.2.4
      '@next/swc-darwin-x64': 13.2.4
      '@next/swc-freebsd-x64': 13.2.4
      '@next/swc-linux-arm-gnueabihf': 13.2.4
      '@next/swc-linux-arm64-gnu': 13.2.4
      '@next/swc-linux-arm64-musl': 13.2.4
      '@next/swc-linux-x64-gnu': 13.2.4
      '@next/swc-linux-x64-musl': 13.2.4
      '@next/swc-win32-arm64-msvc': 13.2.4
      '@next/swc-win32-ia32-msvc': 13.2.4
      '@next/swc-win32-x64-msvc': 13.2.4
    transitivePeerDependencies:
      - '@babel/core'
      - babel-plugin-macros
    dev: false

  /openai/3.2.1:
    resolution: {integrity: sha512-762C9BNlJPbjjlWZi4WYK9iM2tAVAv0uUp1UmI34vb0CN5T2mjB/qM6RYBmNKMh/dN9fC+bxqPwWJZUTWW052A==}
    dependencies:
      axios: 0.26.1
      form-data: 4.0.0
    transitivePeerDependencies:
      - debug
    dev: false

  /picocolors/1.0.0:
    resolution: {integrity: sha512-1fygroTLlHu66zi26VoTDv8yRgm0Fccecssto+MhsZ0D/DGW2sm8E8AjW7NU5VVTRt5GxbeZ5qBuJr+HyLYkjQ==}
    dev: false

  /postcss/8.4.14:
    resolution: {integrity: sha512-E398TUmfAYFPBSdzgeieK2Y1+1cpdxJx8yXbK/m57nRhKSmk1GB2tO4lbLBtlkfPQTDKfe4Xqv1ASWPpayPEig==}
    engines: {node: ^10 || ^12 || >=14}
    dependencies:
      nanoid: 3.3.6
      picocolors: 1.0.0
      source-map-js: 1.0.2
    dev: false

  /react-dom/18.2.0_react@18.2.0:
    resolution: {integrity: sha512-6IMTriUmvsjHUjNtEDudZfuDQUoWXVxKHhlEGSk81n4YFS+r/Kl99wXiwlVXtPBtJenozv2P+hxDsw9eA7Xo6g==}
    peerDependencies:
      react: ^18.2.0
    dependencies:
      loose-envify: 1.4.0
      react: 18.2.0
      scheduler: 0.23.0
    dev: false

  /react/18.2.0:
    resolution: {integrity: sha512-/3IjMdb2L9QbBdWiW5e3P2/npwMBaU9mHCSCUzNln0ZCYbcfTsGbTJrU/kGemdH2IWmB2ioZ+zkxtmq6g09fGQ==}
    engines: {node: '>=0.10.0'}
    dependencies:
      loose-envify: 1.4.0
    dev: false

  /scheduler/0.23.0:
    resolution: {integrity: sha512-CtuThmgHNg7zIZWAXi3AsyIzA3n4xx7aNyjwC2VJldO2LMVDhFK+63xGqq6CsJH4rTAt6/M+N4GhZiDYPx9eUw==}
    dependencies:
      loose-envify: 1.4.0
    dev: false

  /source-map-js/1.0.2:
    resolution: {integrity: sha512-R0XvVJ9WusLiqTCEiGCmICCMplcCkIwwR11mOSD9CR5u+IXYdiseeEuXCVAjS54zqwkLcPNnmU4OeJ6tUrWhDw==}
    engines: {node: '>=0.10.0'}
    dev: false

  /styled-jsx/5.1.1_react@18.2.0:
    resolution: {integrity: sha512-pW7uC1l4mBZ8ugbiZrcIsiIvVx1UmTfw7UkC3Um2tmfUq9Bhk8IiyEIPl6F8agHgjzku6j0xQEZbfA5uSgSaCw==}
    engines: {node: '>= 12.0.0'}
    peerDependencies:
      '@babel/core': '*'
      babel-plugin-macros: '*'
      react: '>= 16.8.0 || 17.x.x || ^18.0.0-0'
    peerDependenciesMeta:
      '@babel/core':
        optional: true
      babel-plugin-macros:
        optional: true
    dependencies:
      client-only: 0.0.1
      react: 18.2.0
    dev: false

  /tslib/2.5.0:
    resolution: {integrity: sha512-336iVw3rtn2BUK7ORdIAHTyxHGRIHVReokCR3XjbckJMK7ms8FysBfhLR8IXnAgy7T0PTPNBWKiH514FOW/WSg==}
    dev: false

  /typescript/5.0.3:
    resolution: {integrity: sha512-xv8mOEDnigb/tN9PSMTwSEqAnUvkoXMQlicOb0IUVDBSQCgBSaAAROUZYy2IcUy5qU6XajK5jjjO7TMWqBTKZA==}
    engines: {node: '>=12.20'}
    hasBin: true
    dev: false
